
Microsoft Visual Studio Solution File, Format Version 12.00
# Visual Studio Version 16
VisualStudioVersion = 16.0.29613.14
MinimumVisualStudioVersion = 10.0.40219.1
Project("{9A19103F-16F7-4668-BE54-9A1E7A4F7556}") = "LocationsParser.WorkerService", "LocationsParser.WorkerService\LocationsParser.WorkerService.csproj", "{B4161C08-2119-4FE5-82BB-ACF843BE986E}"
EndProject
Project("{9A19103F-16F7-4668-BE54-9A1E7A4F7556}") = "LocationsParser.DataAccess", "LocationsParser.DataAccess\LocationsParser.DataAccess.csproj", "{D38C9BEA-67CE-45E7-953F-14877F9F3AA4}"
EndProject
Project("{2150E333-8FDC-42A3-9474-1A3956D46DE8}") = "sln", "sln", "{0A847C99-239F-409F-9CE1-6C0AE0391EF6}"
	ProjectSection(SolutionItems) = preProject
		ef-migrations.txt = ef-migrations.txt
	EndProjectSection
EndProject
Project("{9A19103F-16F7-4668-BE54-9A1E7A4F7556}") = "LocationsParser.Services", "LocationsParser.Services\LocationsParser.Services.csproj", "{6BD770C4-7F00-4EC6-81A7-D514F3B96E95}"
EndProject
Project("{FAE04EC0-301F-11D3-BF4B-00C04F79EFBC}") = "LocationsParser.Tests", "LocationsParser.Tests\LocationsParser.Tests.csproj", "{E162D894-BA7E-4883-8668-D25995DE9213}"
EndProject
Global
	GlobalSection(SolutionConfigurationPlatforms) = preSolution
		Debug|Any CPU = Debug|Any CPU
		Release|Any CPU = Release|Any CPU
	EndGlobalSection
	GlobalSection(ProjectConfigurationPlatforms) = postSolution
		{B4161C08-2119-4FE5-82BB-ACF843BE986E}.Debug|Any CPU.ActiveCfg = Debug|Any CPU
		{B4161C08-2119-4FE5-82BB-ACF843BE986E}.Debug|Any CPU.Build.0 = Debug|Any CPU
		{B4161C08-2119-4FE5-82BB-ACF843BE986E}.Release|Any CPU.ActiveCfg = Release|Any CPU
		{B4161C08-2119-4FE5-82BB-ACF843BE986E}.Release|Any CPU.Build.0 = Release|Any CPU
		{D38C9BEA-67CE-45E7-953F-14877F9F3AA4}.Debug|Any CPU.ActiveCfg = Debug|Any CPU
		{D38C9BEA-67CE-45E7-953F-14877F9F3AA4}.Debug|Any CPU.Build.0 = Debug|Any CPU
		{D38C9BEA-67CE-45E7-953F-14877F9F3AA4}.Release|Any CPU.ActiveCfg = Release|Any CPU
		{D38C9BEA-67CE-45E7-953F-14877F9F3AA4}.Release|Any CPU.Build.0 = Release|Any CPU
		{6BD770C4-7F00-4EC6-81A7-D514F3B96E95}.Debug|Any CPU.ActiveCfg = Debug|Any CPU
		{6BD770C4-7F00-4EC6-81A7-D514F3B96E95}.Debug|Any CPU.Build.0 = Debug|Any CPU
		{6BD770C4-7F00-4EC6-81A7-D514F3B96E95}.Release|Any CPU.ActiveCfg = Release|Any CPU
		{6BD770C4-7F00-4EC6-81A7-D514F3B96E95}.Release|Any CPU.Build.0 = Release|Any CPU
		{E162D894-BA7E-4883-8668-D25995DE9213}.Debug|Any CPU.ActiveCfg = Debug|Any CPU
		{E162D894-BA7E-4883-8668-D25995DE9213}.Debug|Any CPU.Build.0 = Debug|Any CPU
		{E162D894-BA7E-4883-8668-D25995DE9213}.Release|Any CPU.ActiveCfg = Release|Any CPU
		{E162D894-BA7E-4883-8668-D25995DE9213}.Release|Any CPU.Build.0 = Release|Any CPU
	EndGlobalSection
	GlobalSection(SolutionProperties) = preSolution
		HideSolutionNode = FALSE
	EndGlobalSection
	GlobalSection(ExtensibilityGlobals) = postSolution
		SolutionGuid = {00C58017-989E-4BEF-910C-49FCF7D8B12B}
	EndGlobalSection
EndGlobal
